
Microsoft Visual Studio Solution File, Format Version 12.00
# Visual Studio 2012
Project("{6141683F-8A12-4E36-9623-2EB02B2C2303}") = "RemoteControlBoxSetup", "RemoteControlBoxSetup\RemoteControlBoxSetup.isproj", "{89D674E1-F5D1-47EB-BAE8-7AE1D05335FC}"
EndProject
Global
	GlobalSection(SolutionConfigurationPlatforms) = preSolution
		CD_ROM|Default = CD_ROM|Default
		DVD-5|Default = DVD-5|Default
		SingleImage|Default = SingleImage|Default
	EndGlobalSection
	GlobalSection(ProjectConfigurationPlatforms) = postSolution
		{89D674E1-F5D1-47EB-BAE8-7AE1D05335FC}.CD_ROM|Default.ActiveCfg = CD_ROM
		{89D674E1-F5D1-47EB-BAE8-7AE1D05335FC}.CD_ROM|Default.Build.0 = CD_ROM
		{89D674E1-F5D1-47EB-BAE8-7AE1D05335FC}.DVD-5|Default.ActiveCfg = DVD-5
		{89D674E1-F5D1-47EB-BAE8-7AE1D05335FC}.DVD-5|Default.Build.0 = DVD-5
		{89D674E1-F5D1-47EB-BAE8-7AE1D05335FC}.SingleImage|Default.ActiveCfg = SingleImage
		{89D674E1-F5D1-47EB-BAE8-7AE1D05335FC}.SingleImage|Default.Build.0 = SingleImage
	EndGlobalSection
	GlobalSection(SolutionProperties) = preSolution
		HideSolutionNode = FALSE
	EndGlobalSection
EndGlobal
